// !$*UTF8*$!
{
	archiveVersion = 1;
	classes = {
	};
	objectVersion = 48;
	objects = {

/* Begin PBXBuildFile section */
		139E4952FEA3C18270AF5653 /* Pods_App.framework in Frameworks */ = {isa = PBXBuildFile; fileRef = 9E4A0B5CC82E173E856CEB6B /* Pods_App.framework */; };
		1F02DE3522F8507500E40C3A /* MoviesSceneUITests.swift in Sources */ = {isa = PBXBuildFile; fileRef = 1F02DE3422F8507500E40C3A /* MoviesSceneUITests.swift */; };
		1F1603262426B00400C173C6 /* AppFlowCoordinator.swift in Sources */ = {isa = PBXBuildFile; fileRef = 1F1603252426B00400C173C6 /* AppFlowCoordinator.swift */; };
		1F1CD656222368CA00B0143C /* AppConfigurations.swift in Sources */ = {isa = PBXBuildFile; fileRef = 1F1CD655222368CA00B0143C /* AppConfigurations.swift */; };
		1F2327AD80671A0666D353DD /* Pods_AppUITests.framework in Frameworks */ = {isa = PBXBuildFile; fileRef = FB06D060A0A00A808278EDF0 /* Pods_AppUITests.framework */; };
		1FA5338D201E1FDE00747E55 /* AppDelegate.swift in Sources */ = {isa = PBXBuildFile; fileRef = 1FA5338C201E1FDE00747E55 /* AppDelegate.swift */; };
		1FA53397201E1FDE00747E55 /* LaunchScreen.storyboard in Resources */ = {isa = PBXBuildFile; fileRef = 1FA53395201E1FDE00747E55 /* LaunchScreen.storyboard */; };
		1FA533D7201EF2B500747E55 /* AppDIContainer.swift in Sources */ = {isa = PBXBuildFile; fileRef = 1FA533D6201EF2B500747E55 /* AppDIContainer.swift */; };
		1FF082AC2394383800876A22 /* Localizable.strings in Resources */ = {isa = PBXBuildFile; fileRef = 1FF082AE2394383800876A22 /* Localizable.strings */; };
		1FF082BA2394512700876A22 /* Localizable.strings in Resources */ = {isa = PBXBuildFile; fileRef = 1FF082AE2394383800876A22 /* Localizable.strings */; };
		FC2B715C2156FF93002BD59E /* AppAppearance.swift in Sources */ = {isa = PBXBuildFile; fileRef = FC2B715B2156FF93002BD59E /* AppAppearance.swift */; };
/* End PBXBuildFile section */

/* Begin PBXContainerItemProxy section */
		1F02DE3722F8507500E40C3A /* PBXContainerItemProxy */ = {
			isa = PBXContainerItemProxy;
			containerPortal = 1FA53381201E1FDE00747E55 /* Project object */;
			proxyType = 1;
			remoteGlobalIDString = 1FA53388201E1FDE00747E55;
			remoteInfo = App;
		};
/* End PBXContainerItemProxy section */

/* Begin PBXFileReference section */
		1F02DE3222F8507500E40C3A /* AppUITests.xctest */ = {isa = PBXFileReference; explicitFileType = wrapper.cfbundle; includeInIndex = 0; path = AppUITests.xctest; sourceTree = BUILT_PRODUCTS_DIR; };
		1F02DE3422F8507500E40C3A /* MoviesSceneUITests.swift */ = {isa = PBXFileReference; lastKnownFileType = sourcecode.swift; path = MoviesSceneUITests.swift; sourceTree = "<group>"; };
		1F02DE3622F8507500E40C3A /* Info.plist */ = {isa = PBXFileReference; lastKnownFileType = text.plist.xml; path = Info.plist; sourceTree = "<group>"; };
		1F1603252426B00400C173C6 /* AppFlowCoordinator.swift */ = {isa = PBXFileReference; fileEncoding = 4; lastKnownFileType = sourcecode.swift; path = AppFlowCoordinator.swift; sourceTree = "<group>"; };
		1F1CD655222368CA00B0143C /* AppConfigurations.swift */ = {isa = PBXFileReference; lastKnownFileType = sourcecode.swift; path = AppConfigurations.swift; sourceTree = "<group>"; };
		1FA53389201E1FDE00747E55 /* App.app */ = {isa = PBXFileReference; explicitFileType = wrapper.application; includeInIndex = 0; path = App.app; sourceTree = BUILT_PRODUCTS_DIR; };
		1FA5338C201E1FDE00747E55 /* AppDelegate.swift */ = {isa = PBXFileReference; lastKnownFileType = sourcecode.swift; path = AppDelegate.swift; sourceTree = "<group>"; };
		1FA53396201E1FDE00747E55 /* Base */ = {isa = PBXFileReference; lastKnownFileType = file.storyboard; name = Base; path = Base.lproj/LaunchScreen.storyboard; sourceTree = "<group>"; };
		1FA53398201E1FDE00747E55 /* Info.plist */ = {isa = PBXFileReference; lastKnownFileType = text.plist.xml; path = Info.plist; sourceTree = "<group>"; };
		1FA533D6201EF2B500747E55 /* AppDIContainer.swift */ = {isa = PBXFileReference; lastKnownFileType = sourcecode.swift; path = AppDIContainer.swift; sourceTree = "<group>"; };
		1FF082AB2394383200876A22 /* es */ = {isa = PBXFileReference; lastKnownFileType = text.plist.strings; name = es; path = es.lproj/LaunchScreen.strings; sourceTree = "<group>"; };
		1FF082AD2394383800876A22 /* en */ = {isa = PBXFileReference; lastKnownFileType = text.plist.strings; name = en; path = en.lproj/Localizable.strings; sourceTree = "<group>"; };
		1FF082AF2394383B00876A22 /* es */ = {isa = PBXFileReference; lastKnownFileType = text.plist.strings; name = es; path = es.lproj/Localizable.strings; sourceTree = "<group>"; };
		2A0D86EC77DAA16D3460B4AC /* Pods-AppUITests.release.xcconfig */ = {isa = PBXFileReference; includeInIndex = 1; lastKnownFileType = text.xcconfig; name = "Pods-AppUITests.release.xcconfig"; path = "Target Support Files/Pods-AppUITests/Pods-AppUITests.release.xcconfig"; sourceTree = "<group>"; };
		606949DACA70CF644252C041 /* Pods-AppUITests.debug.xcconfig */ = {isa = PBXFileReference; includeInIndex = 1; lastKnownFileType = text.xcconfig; name = "Pods-AppUITests.debug.xcconfig"; path = "Target Support Files/Pods-AppUITests/Pods-AppUITests.debug.xcconfig"; sourceTree = "<group>"; };
		9E4A0B5CC82E173E856CEB6B /* Pods_App.framework */ = {isa = PBXFileReference; explicitFileType = wrapper.framework; includeInIndex = 0; path = Pods_App.framework; sourceTree = BUILT_PRODUCTS_DIR; };
		C1A0B62554C3FFD7A3A5D0C6 /* Pods-App.debug.xcconfig */ = {isa = PBXFileReference; includeInIndex = 1; lastKnownFileType = text.xcconfig; name = "Pods-App.debug.xcconfig"; path = "Target Support Files/Pods-App/Pods-App.debug.xcconfig"; sourceTree = "<group>"; };
		CBB9D25966801C69DA29AD8C /* Pods-App.release.xcconfig */ = {isa = PBXFileReference; includeInIndex = 1; lastKnownFileType = text.xcconfig; name = "Pods-App.release.xcconfig"; path = "Target Support Files/Pods-App/Pods-App.release.xcconfig"; sourceTree = "<group>"; };
		FB06D060A0A00A808278EDF0 /* Pods_AppUITests.framework */ = {isa = PBXFileReference; explicitFileType = wrapper.framework; includeInIndex = 0; path = Pods_AppUITests.framework; sourceTree = BUILT_PRODUCTS_DIR; };
		FC2B715B2156FF93002BD59E /* AppAppearance.swift */ = {isa = PBXFileReference; lastKnownFileType = sourcecode.swift; path = AppAppearance.swift; sourceTree = "<group>"; };
/* End PBXFileReference section */

/* Begin PBXFrameworksBuildPhase section */
		1F02DE2F22F8507500E40C3A /* Frameworks */ = {
			isa = PBXFrameworksBuildPhase;
			buildActionMask = 2147483647;
			files = (
				1F2327AD80671A0666D353DD /* Pods_AppUITests.framework in Frameworks */,
			);
			runOnlyForDeploymentPostprocessing = 0;
		};
		1FA53386201E1FDE00747E55 /* Frameworks */ = {
			isa = PBXFrameworksBuildPhase;
			buildActionMask = 2147483647;
			files = (
				139E4952FEA3C18270AF5653 /* Pods_App.framework in Frameworks */,
			);
			runOnlyForDeploymentPostprocessing = 0;
		};
/* End PBXFrameworksBuildPhase section */

/* Begin PBXGroup section */
		1F02DE3322F8507500E40C3A /* AppUITests */ = {
			isa = PBXGroup;
			children = (
				1F02DE3D22F876B500E40C3A /* Presentation */,
				1F02DE3622F8507500E40C3A /* Info.plist */,
			);
			path = AppUITests;
			sourceTree = "<group>";
		};
		1F02DE3D22F876B500E40C3A /* Presentation */ = {
			isa = PBXGroup;
			children = (
				1F02DE3E22F876C100E40C3A /* MoviesScene */,
			);
			path = Presentation;
			sourceTree = "<group>";
		};
		1F02DE3E22F876C100E40C3A /* MoviesScene */ = {
			isa = PBXGroup;
			children = (
				1F02DE3422F8507500E40C3A /* MoviesSceneUITests.swift */,
			);
			path = MoviesScene;
			sourceTree = "<group>";
		};
		1F84DECD2300673A00139F73 /* DIContainer */ = {
			isa = PBXGroup;
			children = (
				1FA533D6201EF2B500747E55 /* AppDIContainer.swift */,
			);
			path = DIContainer;
			sourceTree = "<group>";
		};
		1FA53380201E1FDE00747E55 = {
			isa = PBXGroup;
			children = (
				1FA5338B201E1FDE00747E55 /* App */,
				1F02DE3322F8507500E40C3A /* AppUITests */,
				1FA5338A201E1FDE00747E55 /* Products */,
				C23A08413387436BCE2B1B03 /* Pods */,
				C83F912FB99CD1C1F1016429 /* Frameworks */,
			);
			sourceTree = "<group>";
		};
		1FA5338A201E1FDE00747E55 /* Products */ = {
			isa = PBXGroup;
			children = (
				1FA53389201E1FDE00747E55 /* App.app */,
				1F02DE3222F8507500E40C3A /* AppUITests.xctest */,
			);
			name = Products;
			sourceTree = "<group>";
		};
		1FA5338B201E1FDE00747E55 /* App */ = {
			isa = PBXGroup;
			children = (
				1FA533D5201EF29600747E55 /* Application */,
				1FA533AD201E205000747E55 /* Resources */,
			);
			path = App;
			sourceTree = "<group>";
		};
		1FA533AD201E205000747E55 /* Resources */ = {
			isa = PBXGroup;
			children = (
				1FF082AE2394383800876A22 /* Localizable.strings */,
				1FA53398201E1FDE00747E55 /* Info.plist */,
				1FA53395201E1FDE00747E55 /* LaunchScreen.storyboard */,
			);
			path = Resources;
			sourceTree = "<group>";
		};
		1FA533D5201EF29600747E55 /* Application */ = {
			isa = PBXGroup;
			children = (
				1FA5338C201E1FDE00747E55 /* AppDelegate.swift */,
				FC2B715B2156FF93002BD59E /* AppAppearance.swift */,
				1F1CD655222368CA00B0143C /* AppConfigurations.swift */,
				1F1603252426B00400C173C6 /* AppFlowCoordinator.swift */,
				1F84DECD2300673A00139F73 /* DIContainer */,
			);
			path = Application;
			sourceTree = "<group>";
		};
		C23A08413387436BCE2B1B03 /* Pods */ = {
			isa = PBXGroup;
			children = (
				C1A0B62554C3FFD7A3A5D0C6 /* Pods-App.debug.xcconfig */,
				CBB9D25966801C69DA29AD8C /* Pods-App.release.xcconfig */,
				606949DACA70CF644252C041 /* Pods-AppUITests.debug.xcconfig */,
				2A0D86EC77DAA16D3460B4AC /* Pods-AppUITests.release.xcconfig */,
			);
			path = Pods;
			sourceTree = "<group>";
		};
		C83F912FB99CD1C1F1016429 /* Frameworks */ = {
			isa = PBXGroup;
			children = (
				9E4A0B5CC82E173E856CEB6B /* Pods_App.framework */,
				FB06D060A0A00A808278EDF0 /* Pods_AppUITests.framework */,
			);
			name = Frameworks;
			sourceTree = "<group>";
		};
/* End PBXGroup section */

/* Begin PBXNativeTarget section */
		1F02DE3122F8507500E40C3A /* AppUITests */ = {
			isa = PBXNativeTarget;
			buildConfigurationList = 1F02DE3922F8507500E40C3A /* Build configuration list for PBXNativeTarget "AppUITests" */;
			buildPhases = (
				2AE118F1A078CF0D1157C61E /* [CP] Check Pods Manifest.lock */,
				1F02DE2E22F8507500E40C3A /* Sources */,
				1F02DE2F22F8507500E40C3A /* Frameworks */,
				1F02DE3022F8507500E40C3A /* Resources */,
				172D3BDD51544920A217F36A /* [CP] Embed Pods Frameworks */,
			);
			buildRules = (
			);
			dependencies = (
				1F02DE3822F8507500E40C3A /* PBXTargetDependency */,
			);
			name = AppUITests;
			productName = AppUITests;
			productReference = 1F02DE3222F8507500E40C3A /* AppUITests.xctest */;
			productType = "com.apple.product-type.bundle.ui-testing";
		};
		1FA53388201E1FDE00747E55 /* App */ = {
			isa = PBXNativeTarget;
			buildConfigurationList = 1FA533A6201E1FDE00747E55 /* Build configuration list for PBXNativeTarget "App" */;
			buildPhases = (
				D26E5243783A7A14897523D7 /* [CP] Check Pods Manifest.lock */,
				1FA53385201E1FDE00747E55 /* Sources */,
				1FA53386201E1FDE00747E55 /* Frameworks */,
				1FA53387201E1FDE00747E55 /* Resources */,
				F9274C9BF1540BB8DD6654C0 /* [CP] Embed Pods Frameworks */,
			);
			buildRules = (
			);
			dependencies = (
			);
			name = App;
			productName = CodeChallenge;
			productReference = 1FA53389201E1FDE00747E55 /* App.app */;
			productType = "com.apple.product-type.application";
		};
/* End PBXNativeTarget section */

/* Begin PBXProject section */
		1FA53381201E1FDE00747E55 /* Project object */ = {
			isa = PBXProject;
			attributes = {
				LastSwiftUpdateCheck = 1020;
				LastUpgradeCheck = 0940;
				TargetAttributes = {
					1F02DE3122F8507500E40C3A = {
						CreatedOnToolsVersion = 10.2.1;
						ProvisioningStyle = Automatic;
						TestTargetID = 1FA53388201E1FDE00747E55;
					};
					1FA53388201E1FDE00747E55 = {
						CreatedOnToolsVersion = 9.2;
						LastSwiftMigration = 1020;
						ProvisioningStyle = Manual;
					};
				};
			};
			buildConfigurationList = 1FA53384201E1FDE00747E55 /* Build configuration list for PBXProject "App" */;
			compatibilityVersion = "Xcode 8.0";
			developmentRegion = en;
			hasScannedForEncodings = 0;
			knownRegions = (
				en,
				Base,
				es,
			);
			mainGroup = 1FA53380201E1FDE00747E55;
			productRefGroup = 1FA5338A201E1FDE00747E55 /* Products */;
			projectDirPath = "";
			projectRoot = "";
			targets = (
				1FA53388201E1FDE00747E55 /* App */,
				1F02DE3122F8507500E40C3A /* AppUITests */,
			);
		};
/* End PBXProject section */

/* Begin PBXResourcesBuildPhase section */
		1F02DE3022F8507500E40C3A /* Resources */ = {
			isa = PBXResourcesBuildPhase;
			buildActionMask = 2147483647;
			files = (
				1FF082BA2394512700876A22 /* Localizable.strings in Resources */,
			);
			runOnlyForDeploymentPostprocessing = 0;
		};
		1FA53387201E1FDE00747E55 /* Resources */ = {
			isa = PBXResourcesBuildPhase;
			buildActionMask = 2147483647;
			files = (
				1FA53397201E1FDE00747E55 /* LaunchScreen.storyboard in Resources */,
				1FF082AC2394383800876A22 /* Localizable.strings in Resources */,
			);
			runOnlyForDeploymentPostprocessing = 0;
		};
/* End PBXResourcesBuildPhase section */

/* Begin PBXShellScriptBuildPhase section */
		172D3BDD51544920A217F36A /* [CP] Embed Pods Frameworks */ = {
			isa = PBXShellScriptBuildPhase;
			buildActionMask = 2147483647;
			files = (
			);
			inputPaths = (
				"${PODS_ROOT}/Target Support Files/Pods-AppUITests/Pods-AppUITests-frameworks.sh",
				"${BUILT_PRODUCTS_DIR}/Alamofire/Alamofire.framework",
				"${BUILT_PRODUCTS_DIR}/Authentication/Authentication.framework",
				"${BUILT_PRODUCTS_DIR}/MoviesSearch/MoviesSearch.framework",
				"${BUILT_PRODUCTS_DIR}/Networking/Networking.framework",
			);
			name = "[CP] Embed Pods Frameworks";
			outputPaths = (
				"${TARGET_BUILD_DIR}/${FRAMEWORKS_FOLDER_PATH}/Alamofire.framework",
				"${TARGET_BUILD_DIR}/${FRAMEWORKS_FOLDER_PATH}/Authentication.framework",
				"${TARGET_BUILD_DIR}/${FRAMEWORKS_FOLDER_PATH}/MoviesSearch.framework",
				"${TARGET_BUILD_DIR}/${FRAMEWORKS_FOLDER_PATH}/Networking.framework",
			);
			runOnlyForDeploymentPostprocessing = 0;
			shellPath = /bin/sh;
			shellScript = "\"${PODS_ROOT}/Target Support Files/Pods-AppUITests/Pods-AppUITests-frameworks.sh\"\n";
			showEnvVarsInLog = 0;
		};
		2AE118F1A078CF0D1157C61E /* [CP] Check Pods Manifest.lock */ = {
			isa = PBXShellScriptBuildPhase;
			buildActionMask = 2147483647;
			files = (
			);
			inputFileListPaths = (
			);
			inputPaths = (
				"${PODS_PODFILE_DIR_PATH}/Podfile.lock",
				"${PODS_ROOT}/Manifest.lock",
			);
			name = "[CP] Check Pods Manifest.lock";
			outputFileListPaths = (
			);
			outputPaths = (
				"$(DERIVED_FILE_DIR)/Pods-AppUITests-checkManifestLockResult.txt",
			);
			runOnlyForDeploymentPostprocessing = 0;
			shellPath = /bin/sh;
			shellScript = "diff \"${PODS_PODFILE_DIR_PATH}/Podfile.lock\" \"${PODS_ROOT}/Manifest.lock\" > /dev/null\nif [ $? != 0 ] ; then\n    # print error to STDERR\n    echo \"error: The sandbox is not in sync with the Podfile.lock. Run 'pod install' or update your CocoaPods installation.\" >&2\n    exit 1\nfi\n# This output is used by Xcode 'outputs' to avoid re-running this script phase.\necho \"SUCCESS\" > \"${SCRIPT_OUTPUT_FILE_0}\"\n";
			showEnvVarsInLog = 0;
		};
		D26E5243783A7A14897523D7 /* [CP] Check Pods Manifest.lock */ = {
			isa = PBXShellScriptBuildPhase;
			buildActionMask = 2147483647;
			files = (
			);
			inputFileListPaths = (
			);
			inputPaths = (
				"${PODS_PODFILE_DIR_PATH}/Podfile.lock",
				"${PODS_ROOT}/Manifest.lock",
			);
			name = "[CP] Check Pods Manifest.lock";
			outputFileListPaths = (
			);
			outputPaths = (
				"$(DERIVED_FILE_DIR)/Pods-App-checkManifestLockResult.txt",
			);
			runOnlyForDeploymentPostprocessing = 0;
			shellPath = /bin/sh;
			shellScript = "diff \"${PODS_PODFILE_DIR_PATH}/Podfile.lock\" \"${PODS_ROOT}/Manifest.lock\" > /dev/null\nif [ $? != 0 ] ; then\n    # print error to STDERR\n    echo \"error: The sandbox is not in sync with the Podfile.lock. Run 'pod install' or update your CocoaPods installation.\" >&2\n    exit 1\nfi\n# This output is used by Xcode 'outputs' to avoid re-running this script phase.\necho \"SUCCESS\" > \"${SCRIPT_OUTPUT_FILE_0}\"\n";
			showEnvVarsInLog = 0;
		};
		F9274C9BF1540BB8DD6654C0 /* [CP] Embed Pods Frameworks */ = {
			isa = PBXShellScriptBuildPhase;
			buildActionMask = 2147483647;
			files = (
			);
			inputPaths = (
				"${PODS_ROOT}/Target Support Files/Pods-App/Pods-App-frameworks.sh",
				"${BUILT_PRODUCTS_DIR}/Alamofire/Alamofire.framework",
				"${BUILT_PRODUCTS_DIR}/Authentication/Authentication.framework",
				"${BUILT_PRODUCTS_DIR}/MoviesSearch/MoviesSearch.framework",
				"${BUILT_PRODUCTS_DIR}/Networking/Networking.framework",
			);
			name = "[CP] Embed Pods Frameworks";
			outputPaths = (
				"${TARGET_BUILD_DIR}/${FRAMEWORKS_FOLDER_PATH}/Alamofire.framework",
				"${TARGET_BUILD_DIR}/${FRAMEWORKS_FOLDER_PATH}/Authentication.framework",
				"${TARGET_BUILD_DIR}/${FRAMEWORKS_FOLDER_PATH}/MoviesSearch.framework",
				"${TARGET_BUILD_DIR}/${FRAMEWORKS_FOLDER_PATH}/Networking.framework",
			);
			runOnlyForDeploymentPostprocessing = 0;
			shellPath = /bin/sh;
			shellScript = "\"${PODS_ROOT}/Target Support Files/Pods-App/Pods-App-frameworks.sh\"\n";
			showEnvVarsInLog = 0;
		};
/* End PBXShellScriptBuildPhase section */

/* Begin PBXSourcesBuildPhase section */
		1F02DE2E22F8507500E40C3A /* Sources */ = {
			isa = PBXSourcesBuildPhase;
			buildActionMask = 2147483647;
			files = (
				1F02DE3522F8507500E40C3A /* MoviesSceneUITests.swift in Sources */,
			);
			runOnlyForDeploymentPostprocessing = 0;
		};
		1FA53385201E1FDE00747E55 /* Sources */ = {
			isa = PBXSourcesBuildPhase;
			buildActionMask = 2147483647;
			files = (
				FC2B715C2156FF93002BD59E /* AppAppearance.swift in Sources */,
				1F1603262426B00400C173C6 /* AppFlowCoordinator.swift in Sources */,
				1FA533D7201EF2B500747E55 /* AppDIContainer.swift in Sources */,
				1F1CD656222368CA00B0143C /* AppConfigurations.swift in Sources */,
				1FA5338D201E1FDE00747E55 /* AppDelegate.swift in Sources */,
			);
			runOnlyForDeploymentPostprocessing = 0;
		};
/* End PBXSourcesBuildPhase section */

/* Begin PBXTargetDependency section */
		1F02DE3822F8507500E40C3A /* PBXTargetDependency */ = {
			isa = PBXTargetDependency;
			target = 1FA53388201E1FDE00747E55 /* App */;
			targetProxy = 1F02DE3722F8507500E40C3A /* PBXContainerItemProxy */;
		};
/* End PBXTargetDependency section */

/* Begin PBXVariantGroup section */
		1FA53395201E1FDE00747E55 /* LaunchScreen.storyboard */ = {
			isa = PBXVariantGroup;
			children = (
				1FA53396201E1FDE00747E55 /* Base */,
				1FF082AB2394383200876A22 /* es */,
			);
			name = LaunchScreen.storyboard;
			sourceTree = "<group>";
		};
		1FF082AE2394383800876A22 /* Localizable.strings */ = {
			isa = PBXVariantGroup;
			children = (
				1FF082AD2394383800876A22 /* en */,
				1FF082AF2394383B00876A22 /* es */,
			);
			name = Localizable.strings;
			sourceTree = "<group>";
		};
/* End PBXVariantGroup section */

/* Begin XCBuildConfiguration section */
		1F02DE3A22F8507500E40C3A /* Debug */ = {
			isa = XCBuildConfiguration;
			baseConfigurationReference = 606949DACA70CF644252C041 /* Pods-AppUITests.debug.xcconfig */;
			buildSettings = {
				CLANG_ENABLE_OBJC_WEAK = YES;
				CODE_SIGN_STYLE = Automatic;
				DEVELOPMENT_TEAM = "";
				INFOPLIST_FILE = AppUITests/Info.plist;
				IPHONEOS_DEPLOYMENT_TARGET = 10.0;
				LD_RUNPATH_SEARCH_PATHS = "$(inherited) @executable_path/Frameworks @loader_path/Frameworks";
				MTL_ENABLE_DEBUG_INFO = INCLUDE_SOURCE;
				MTL_FAST_MATH = YES;
				PRODUCT_BUNDLE_IDENTIFIER = com.solano.AppUITests;
				PRODUCT_NAME = "$(TARGET_NAME)";
				SWIFT_VERSION = 5.0;
				TARGETED_DEVICE_FAMILY = "1,2";
				TEST_TARGET_NAME = App;
			};
			name = Debug;
		};
		1F02DE3B22F8507500E40C3A /* Release */ = {
			isa = XCBuildConfiguration;
			baseConfigurationReference = 2A0D86EC77DAA16D3460B4AC /* Pods-AppUITests.release.xcconfig */;
			buildSettings = {
				CLANG_ENABLE_OBJC_WEAK = YES;
				CODE_SIGN_STYLE = Automatic;
				DEVELOPMENT_TEAM = "";
				INFOPLIST_FILE = AppUITests/Info.plist;
				IPHONEOS_DEPLOYMENT_TARGET = 10.0;
				LD_RUNPATH_SEARCH_PATHS = "$(inherited) @executable_path/Frameworks @loader_path/Frameworks";
				MTL_FAST_MATH = YES;
				PRODUCT_BUNDLE_IDENTIFIER = com.solano.AppUITests;
				PRODUCT_NAME = "$(TARGET_NAME)";
				SWIFT_VERSION = 5.0;
				TARGETED_DEVICE_FAMILY = "1,2";
				TEST_TARGET_NAME = App;
			};
			name = Release;
		};
		1FA533A4201E1FDE00747E55 /* Debug */ = {
			isa = XCBuildConfiguration;
			buildSettings = {
				ALWAYS_SEARCH_USER_PATHS = NO;
				CLANG_ANALYZER_LOCALIZABILITY_NONLOCALIZED = YES;
				CLANG_ANALYZER_NONNULL = YES;
				CLANG_ANALYZER_NUMBER_OBJECT_CONVERSION = YES_AGGRESSIVE;
				CLANG_CXX_LANGUAGE_STANDARD = "gnu++14";
				CLANG_CXX_LIBRARY = "libc++";
				CLANG_ENABLE_MODULES = YES;
				CLANG_ENABLE_OBJC_ARC = YES;
				CLANG_WARN_BLOCK_CAPTURE_AUTORELEASING = YES;
				CLANG_WARN_BOOL_CONVERSION = YES;
				CLANG_WARN_COMMA = YES;
				CLANG_WARN_CONSTANT_CONVERSION = YES;
				CLANG_WARN_DEPRECATED_OBJC_IMPLEMENTATIONS = YES;
				CLANG_WARN_DIRECT_OBJC_ISA_USAGE = YES_ERROR;
				CLANG_WARN_DOCUMENTATION_COMMENTS = YES;
				CLANG_WARN_EMPTY_BODY = YES;
				CLANG_WARN_ENUM_CONVERSION = YES;
				CLANG_WARN_INFINITE_RECURSION = YES;
				CLANG_WARN_INT_CONVERSION = YES;
				CLANG_WARN_NON_LITERAL_NULL_CONVERSION = YES;
				CLANG_WARN_OBJC_IMPLICIT_RETAIN_SELF = YES;
				CLANG_WARN_OBJC_LITERAL_CONVERSION = YES;
				CLANG_WARN_OBJC_ROOT_CLASS = YES_ERROR;
				CLANG_WARN_RANGE_LOOP_ANALYSIS = YES;
				CLANG_WARN_STRICT_PROTOTYPES = YES;
				CLANG_WARN_SUSPICIOUS_MOVE = YES;
				CLANG_WARN_UNGUARDED_AVAILABILITY = YES_AGGRESSIVE;
				CLANG_WARN_UNREACHABLE_CODE = YES;
				CLANG_WARN__DUPLICATE_METHOD_MATCH = YES;
				CODE_SIGN_IDENTITY = "";
				COPY_PHASE_STRIP = NO;
				DEBUG_INFORMATION_FORMAT = dwarf;
				ENABLE_STRICT_OBJC_MSGSEND = YES;
				ENABLE_TESTABILITY = YES;
				GCC_C_LANGUAGE_STANDARD = gnu11;
				GCC_DYNAMIC_NO_PIC = NO;
				GCC_NO_COMMON_BLOCKS = YES;
				GCC_OPTIMIZATION_LEVEL = 0;
				GCC_PREPROCESSOR_DEFINITIONS = (
					"DEBUG=1",
					"$(inherited)",
				);
				GCC_WARN_64_TO_32_BIT_CONVERSION = YES;
				GCC_WARN_ABOUT_RETURN_TYPE = YES_ERROR;
				GCC_WARN_UNDECLARED_SELECTOR = YES;
				GCC_WARN_UNINITIALIZED_AUTOS = YES_AGGRESSIVE;
				GCC_WARN_UNUSED_FUNCTION = YES;
				GCC_WARN_UNUSED_VARIABLE = YES;
				IPHONEOS_DEPLOYMENT_TARGET = 10.0;
				MTL_ENABLE_DEBUG_INFO = YES;
				ONLY_ACTIVE_ARCH = YES;
				SDKROOT = iphoneos;
				SWIFT_ACTIVE_COMPILATION_CONDITIONS = DEBUG;
				SWIFT_OPTIMIZATION_LEVEL = "-Onone";
			};
			name = Debug;
		};
		1FA533A5201E1FDE00747E55 /* Release */ = {
			isa = XCBuildConfiguration;
			buildSettings = {
				ALWAYS_SEARCH_USER_PATHS = NO;
				CLANG_ANALYZER_LOCALIZABILITY_NONLOCALIZED = YES;
				CLANG_ANALYZER_NONNULL = YES;
				CLANG_ANALYZER_NUMBER_OBJECT_CONVERSION = YES_AGGRESSIVE;
				CLANG_CXX_LANGUAGE_STANDARD = "gnu++14";
				CLANG_CXX_LIBRARY = "libc++";
				CLANG_ENABLE_MODULES = YES;
				CLANG_ENABLE_OBJC_ARC = YES;
				CLANG_WARN_BLOCK_CAPTURE_AUTORELEASING = YES;
				CLANG_WARN_BOOL_CONVERSION = YES;
				CLANG_WARN_COMMA = YES;
				CLANG_WARN_CONSTANT_CONVERSION = YES;
				CLANG_WARN_DEPRECATED_OBJC_IMPLEMENTATIONS = YES;
				CLANG_WARN_DIRECT_OBJC_ISA_USAGE = YES_ERROR;
				CLANG_WARN_DOCUMENTATION_COMMENTS = YES;
				CLANG_WARN_EMPTY_BODY = YES;
				CLANG_WARN_ENUM_CONVERSION = YES;
				CLANG_WARN_INFINITE_RECURSION = YES;
				CLANG_WARN_INT_CONVERSION = YES;
				CLANG_WARN_NON_LITERAL_NULL_CONVERSION = YES;
				CLANG_WARN_OBJC_IMPLICIT_RETAIN_SELF = YES;
				CLANG_WARN_OBJC_LITERAL_CONVERSION = YES;
				CLANG_WARN_OBJC_ROOT_CLASS = YES_ERROR;
				CLANG_WARN_RANGE_LOOP_ANALYSIS = YES;
				CLANG_WARN_STRICT_PROTOTYPES = YES;
				CLANG_WARN_SUSPICIOUS_MOVE = YES;
				CLANG_WARN_UNGUARDED_AVAILABILITY = YES_AGGRESSIVE;
				CLANG_WARN_UNREACHABLE_CODE = YES;
				CLANG_WARN__DUPLICATE_METHOD_MATCH = YES;
				CODE_SIGN_IDENTITY = "";
				COPY_PHASE_STRIP = NO;
				DEBUG_INFORMATION_FORMAT = "dwarf-with-dsym";
				ENABLE_NS_ASSERTIONS = NO;
				ENABLE_STRICT_OBJC_MSGSEND = YES;
				GCC_C_LANGUAGE_STANDARD = gnu11;
				GCC_NO_COMMON_BLOCKS = YES;
				GCC_WARN_64_TO_32_BIT_CONVERSION = YES;
				GCC_WARN_ABOUT_RETURN_TYPE = YES_ERROR;
				GCC_WARN_UNDECLARED_SELECTOR = YES;
				GCC_WARN_UNINITIALIZED_AUTOS = YES_AGGRESSIVE;
				GCC_WARN_UNUSED_FUNCTION = YES;
				GCC_WARN_UNUSED_VARIABLE = YES;
				IPHONEOS_DEPLOYMENT_TARGET = 10.0;
				MTL_ENABLE_DEBUG_INFO = NO;
				SDKROOT = iphoneos;
				SWIFT_OPTIMIZATION_LEVEL = "-Owholemodule";
				VALIDATE_PRODUCT = YES;
			};
			name = Release;
		};
		1FA533A7201E1FDE00747E55 /* Debug */ = {
			isa = XCBuildConfiguration;
			baseConfigurationReference = C1A0B62554C3FFD7A3A5D0C6 /* Pods-App.debug.xcconfig */;
			buildSettings = {
				API_BASE_URL = "http://api.themoviedb.org";
				API_KEY = 2696829a81b1b5827d515ff121700838;
				ASSETCATALOG_COMPILER_APPICON_NAME = AppIcon;
				CODE_SIGN_STYLE = Manual;
				DEVELOPMENT_TEAM = "";
				IMAGE_BASE_URL = "http://image.tmdb.org";
				INFOPLIST_FILE = "$(SRCROOT)/App/Resources/Info.plist";
				IPHONEOS_DEPLOYMENT_TARGET = 10.0;
				LD_RUNPATH_SEARCH_PATHS = "$(inherited) @executable_path/Frameworks";
				PRODUCT_BUNDLE_IDENTIFIER = "Oleh-Kudinov.App";
				PRODUCT_NAME = "$(TARGET_NAME)";
				PROVISIONING_PROFILE_SPECIFIER = "";
				SWIFT_VERSION = 5.0;
				TARGETED_DEVICE_FAMILY = "1,2";
			};
			name = Debug;
		};
		1FA533A8201E1FDE00747E55 /* Release */ = {
			isa = XCBuildConfiguration;
			baseConfigurationReference = CBB9D25966801C69DA29AD8C /* Pods-App.release.xcconfig */;
			buildSettings = {
				API_BASE_URL = "http://api.themoviedb.org";
				API_KEY = 2696829a81b1b5827d515ff121700838;
				ASSETCATALOG_COMPILER_APPICON_NAME = AppIcon;
				CODE_SIGN_STYLE = Manual;
				DEVELOPMENT_TEAM = "";
				IMAGE_BASE_URL = "http://image.tmdb.org";
				INFOPLIST_FILE = "$(SRCROOT)/App/Resources/Info.plist";
				IPHONEOS_DEPLOYMENT_TARGET = 10.0;
				LD_RUNPATH_SEARCH_PATHS = "$(inherited) @executable_path/Frameworks";
				PRODUCT_BUNDLE_IDENTIFIER = "Oleh-Kudinov.App";
				PRODUCT_NAME = "$(TARGET_NAME)";
				PROVISIONING_PROFILE_SPECIFIER = "";
				SWIFT_VERSION = 5.0;
				TARGETED_DEVICE_FAMILY = "1,2";
			};
			name = Release;
		};
/* End XCBuildConfiguration section */

/* Begin XCConfigurationList section */
		1F02DE3922F8507500E40C3A /* Build configuration list for PBXNativeTarget "AppUITests" */ = {
			isa = XCConfigurationList;
			buildConfigurations = (
				1F02DE3A22F8507500E40C3A /* Debug */,
				1F02DE3B22F8507500E40C3A /* Release */,
			);
			defaultConfigurationIsVisible = 0;
			defaultConfigurationName = Release;
		};
		1FA53384201E1FDE00747E55 /* Build configuration list for PBXProject "App" */ = {
			isa = XCConfigurationList;
			buildConfigurations = (
				1FA533A4201E1FDE00747E55 /* Debug */,
				1FA533A5201E1FDE00747E55 /* Release */,
			);
			defaultConfigurationIsVisible = 0;
			defaultConfigurationName = Release;
		};
		1FA533A6201E1FDE00747E55 /* Build configuration list for PBXNativeTarget "App" */ = {
			isa = XCConfigurationList;
			buildConfigurations = (
				1FA533A7201E1FDE00747E55 /* Debug */,
				1FA533A8201E1FDE00747E55 /* Release */,
			);
			defaultConfigurationIsVisible = 0;
			defaultConfigurationName = Release;
		};
/* End XCConfigurationList section */
	};
	rootObject = 1FA53381201E1FDE00747E55 /* Project object */;
}
