PODS:
  - MoviesSearch (0.1.0):
    - Networking
  - Networking (0.1.0)

DEPENDENCIES:
  - MoviesSearch (from `DevPods/MoviesSearch`)
  - Networking (from `DevPods/Networking`)

EXTERNAL SOURCES:
  MoviesSearch:
    :path: DevPods/MoviesSearch
  Networking:
    :path: DevPods/Networking

SPEC CHECKSUMS:
  MoviesSearch: 4146d9ff940f9f77e3f27f042ce4d560d7e658ab
  Networking: a2b4caef332a519ed3d1e483aa19a3216fd2883e

PODFILE CHECKSUM: 20904c3e76659ed9b0539b970ef6c922d69787bc

COCOAPODS: 1.8.4
