PODS:
  - Alamofire (4.9.1)
  - Authentication (0.1.0):
    - Alamofire (= 4.9.1)
  - iOSSnapshotTestCase (8.0.0):
    - iOSSnapshotTestCase/SwiftSupport (= 8.0.0)
  - iOSSnapshotTestCase/Core (8.0.0)
  - iOSSnapshotTestCase/SwiftSupport (8.0.0):
    - iOSSnapshotTestCase/Core
  - MoviesSearch (0.1.0):
    - Networking
  - MoviesSearch/Tests (0.1.0):
    - iOSSnapshotTestCase
    - Networking
    - Nimble
    - Quick
  - Networking (0.1.0)
  - Networking/Tests (0.1.0)
  - Nimble (9.2.1)
  - Quick (4.0.0)

DEPENDENCIES:
  - Authentication (from `DevPods/Authentication`)
  - MoviesSearch (from `DevPods/MoviesSearch`)
  - MoviesSearch/Tests (from `DevPods/MoviesSearch`)
  - Networking (from `DevPods/Networking`)
  - Networking/Tests (from `DevPods/Networking`)

SPEC REPOS:
  trunk:
    - Alamofire
    - iOSSnapshotTestCase
    - Nimble
    - Quick

EXTERNAL SOURCES:
  Authentication:
    :path: DevPods/Authentication
  MoviesSearch:
    :path: DevPods/MoviesSearch
  Networking:
    :path: DevPods/Networking

SPEC CHECKSUMS:
  Alamofire: 85e8a02c69d6020a0d734f6054870d7ecb75cf18
  Authentication: 0f4e10e049edb7aea6e77d73e66474058e330b61
  iOSSnapshotTestCase: a670511f9ee3829c2b9c23e6e68f315fd7b6790f
  MoviesSearch: 9c643ee0dd9d503686ae32d9a41418324f6cbddf
  Networking: d2f86022b8e0b2af29515584ee9d6c8251bfd46b
  Nimble: e7e615c0335ee4bf5b0d786685451e62746117d5
  Quick: 6473349e43b9271a8d43839d9ba1c442ed1b7ac4

PODFILE CHECKSUM: ef9e0bc90230dd7922633146937fee28851b9839

COCOAPODS: 1.8.4
